
Microsoft Visual Studio Solution File, Format Version 12.00
# Visual Studio 2013
VisualStudioVersion = 12.0.30501.0
MinimumVisualStudioVersion = 10.0.40219.1
Project("{8BC9CEB8-8B4A-11D0-8D11-00A0C91BC942}") = "stairs", "stairs\stairs.vcxproj", "{B3D3B9D3-85A8-41DC-8BD7-CC74CDA8E11E}"
EndProject
Global
	GlobalSection(SolutionConfigurationPlatforms) = preSolution
		Debug|Win32 = Debug|Win32
		Release|Win32 = Release|Win32
	EndGlobalSection
	GlobalSection(ProjectConfigurationPlatforms) = postSolution
		{B3D3B9D3-85A8-41DC-8BD7-CC74CDA8E11E}.Debug|Win32.ActiveCfg = Debug|Win32
		{B3D3B9D3-85A8-41DC-8BD7-CC74CDA8E11E}.Debug|Win32.Build.0 = Debug|Win32
		{B3D3B9D3-85A8-41DC-8BD7-CC74CDA8E11E}.Release|Win32.ActiveCfg = Release|Win32
		{B3D3B9D3-85A8-41DC-8BD7-CC74CDA8E11E}.Release|Win32.Build.0 = Release|Win32
	EndGlobalSection
	GlobalSection(SolutionProperties) = preSolution
		HideSolutionNode = FALSE
	EndGlobalSection
EndGlobal
